
Microsoft Visual Studio Solution File, Format Version 12.00
# Visual Studio Version 17
VisualStudioVersion = 17.2.32630.192
MinimumVisualStudioVersion = 10.0.40219.1
Project("{FAE04EC0-301F-11D3-BF4B-00C04F79EFBC}") = "WebServiceFindDialog", "WebServiceFindDialog.csproj", "{2E2A873C-C307-44B6-BE80-E65EE52A4665}"
EndProject
Global
	GlobalSection(SolutionConfigurationPlatforms) = preSolution
		Debug|Any CPU = Debug|Any CPU
		Release|Any CPU = Release|Any CPU
	EndGlobalSection
	GlobalSection(ProjectConfigurationPlatforms) = postSolution
		{2E2A873C-C307-44B6-BE80-E65EE52A4665}.Debug|Any CPU.ActiveCfg = Debug|Any CPU
		{2E2A873C-C307-44B6-BE80-E65EE52A4665}.Debug|Any CPU.Build.0 = Debug|Any CPU
		{2E2A873C-C307-44B6-BE80-E65EE52A4665}.Release|Any CPU.ActiveCfg = Release|Any CPU
		{2E2A873C-C307-44B6-BE80-E65EE52A4665}.Release|Any CPU.Build.0 = Release|Any CPU
	EndGlobalSection
	GlobalSection(SolutionProperties) = preSolution
		HideSolutionNode = FALSE
	EndGlobalSection
	GlobalSection(ExtensibilityGlobals) = postSolution
		SolutionGuid = {32C6C448-ACA7-41C3-8A40-9245557E6327}
	EndGlobalSection
EndGlobal
